
Microsoft Visual Studio Solution File, Format Version 12.00
# Visual Studio Version 17
VisualStudioVersion = 17.1.32414.318
MinimumVisualStudioVersion = 10.0.40219.1
Project("{9A19103F-16F7-4668-BE54-9A1E7A4F7556}") = "ShopSite", "ShopSite\ShopSite.csproj", "{481A956C-F097-4B96-94A0-0F015370B537}"
EndProject
Project("{54A90642-561A-4BB1-A94E-469ADEE60C69}") = "vueshopsite", "VueShopSite\vueshopsite.esproj", "{EF43A0E8-A7B1-41D3-AC14-1155DDA19301}"
EndProject
Project("{9A19103F-16F7-4668-BE54-9A1E7A4F7556}") = "Tests", "Tests\Tests.csproj", "{D24750C9-99EF-4946-9A07-8B1E4A14380A}"
EndProject
Global
	GlobalSection(SolutionConfigurationPlatforms) = preSolution
		Debug|Any CPU = Debug|Any CPU
		Release|Any CPU = Release|Any CPU
	EndGlobalSection
	GlobalSection(ProjectConfigurationPlatforms) = postSolution
		{481A956C-F097-4B96-94A0-0F015370B537}.Debug|Any CPU.ActiveCfg = Debug|Any CPU
		{481A956C-F097-4B96-94A0-0F015370B537}.Debug|Any CPU.Build.0 = Debug|Any CPU
		{481A956C-F097-4B96-94A0-0F015370B537}.Release|Any CPU.ActiveCfg = Release|Any CPU
		{481A956C-F097-4B96-94A0-0F015370B537}.Release|Any CPU.Build.0 = Release|Any CPU
		{EF43A0E8-A7B1-41D3-AC14-1155DDA19301}.Debug|Any CPU.ActiveCfg = Debug|Any CPU
		{EF43A0E8-A7B1-41D3-AC14-1155DDA19301}.Debug|Any CPU.Build.0 = Debug|Any CPU
		{EF43A0E8-A7B1-41D3-AC14-1155DDA19301}.Debug|Any CPU.Deploy.0 = Debug|Any CPU
		{EF43A0E8-A7B1-41D3-AC14-1155DDA19301}.Release|Any CPU.ActiveCfg = Release|Any CPU
		{EF43A0E8-A7B1-41D3-AC14-1155DDA19301}.Release|Any CPU.Build.0 = Release|Any CPU
		{EF43A0E8-A7B1-41D3-AC14-1155DDA19301}.Release|Any CPU.Deploy.0 = Release|Any CPU
		{D24750C9-99EF-4946-9A07-8B1E4A14380A}.Debug|Any CPU.ActiveCfg = Debug|Any CPU
		{D24750C9-99EF-4946-9A07-8B1E4A14380A}.Debug|Any CPU.Build.0 = Debug|Any CPU
		{D24750C9-99EF-4946-9A07-8B1E4A14380A}.Release|Any CPU.ActiveCfg = Release|Any CPU
		{D24750C9-99EF-4946-9A07-8B1E4A14380A}.Release|Any CPU.Build.0 = Release|Any CPU
	EndGlobalSection
	GlobalSection(SolutionProperties) = preSolution
		HideSolutionNode = FALSE
	EndGlobalSection
	GlobalSection(ExtensibilityGlobals) = postSolution
		SolutionGuid = {8C0D7BEA-8C45-437A-A21C-025CE0FEF64F}
	EndGlobalSection
EndGlobal
